{
  "name": "milionaire",
  "version": "0.1.0",
  "lockfileVersion": 1,
  "requires": true,
  "dependencies": {
    "howler": {
      "version": "2.2.3",
      "resolved": "https://registry.npmjs.org/howler/-/howler-2.2.3.tgz",
      "integrity": "sha512-QM0FFkw0LRX1PR8pNzJVAY25JhIWvbKMBFM4gqk+QdV+kPXOhleWGCB6AiAF/goGjIHK2e/nIElplvjQwhr0jg=="
    },
    "use-sound": {
      "version": "3.0.1",
      "resolved": "https://registry.npmjs.org/use-sound/-/use-sound-3.0.1.tgz",
      "integrity": "sha512-M6rwX6x+yaBw/R+adPfSlydef2W3UXcOZOmk9TsfAobEDUfKO71lwHOe6ammGGW2DVDXV5t1KoU7dxBLlxFTtA==",
      "requires": {
        "howler": "^2.1.3"
      }
    }
  }
}
